// !$*UTF8*$!
{
	archiveVersion = 1;
	classes = {
	};
	objectVersion = 50;
	objects = {

/* Begin PBXBuildFile section */
		2BB7DD7E2678935D005CE163 /* CourseMenu.swift in Sources */ = {isa = PBXBuildFile; fileRef = 2BB7DD7D2678935D005CE163 /* CourseMenu.swift */; };
		2BB7DD842678981A005CE163 /* LearningPathNav.swift in Sources */ = {isa = PBXBuildFile; fileRef = 2BB7DD832678981A005CE163 /* LearningPathNav.swift */; };
		2BB7DD88267898EB005CE163 /* MaterialsNav.swift in Sources */ = {isa = PBXBuildFile; fileRef = 2BB7DD87267898EB005CE163 /* MaterialsNav.swift */; };
		2BB7DD8B267899E5005CE163 /* DesignReferencesNav.swift in Sources */ = {isa = PBXBuildFile; fileRef = 2BB7DD8A267899E5005CE163 /* DesignReferencesNav.swift */; };
		2BB7DD8E26789A24005CE163 /* UserProfilesNav.swift in Sources */ = {isa = PBXBuildFile; fileRef = 2BB7DD8D26789A24005CE163 /* UserProfilesNav.swift */; };
		4E98F481266F62D100130BE5 /* CourseDetail.swift in Sources */ = {isa = PBXBuildFile; fileRef = 4E98F480266F62D100130BE5 /* CourseDetail.swift */; };
		B9278A92266A276800F36F84 /* DesignLearningAppApp.swift in Sources */ = {isa = PBXBuildFile; fileRef = B9278A91266A276800F36F84 /* DesignLearningAppApp.swift */; };
		B9278A94266A276800F36F84 /* ContentView.swift in Sources */ = {isa = PBXBuildFile; fileRef = B9278A93266A276800F36F84 /* ContentView.swift */; };
		B9278A96266A276900F36F84 /* Assets.xcassets in Resources */ = {isa = PBXBuildFile; fileRef = B9278A95266A276900F36F84 /* Assets.xcassets */; };
		B9278A99266A276900F36F84 /* Preview Assets.xcassets in Resources */ = {isa = PBXBuildFile; fileRef = B9278A98266A276900F36F84 /* Preview Assets.xcassets */; };
		B9278A9B266A276900F36F84 /* Persistence.swift in Sources */ = {isa = PBXBuildFile; fileRef = B9278A9A266A276900F36F84 /* Persistence.swift */; };
		B9278A9E266A276900F36F84 /* DesignLearningApp.xcdatamodeld in Sources */ = {isa = PBXBuildFile; fileRef = B9278A9C266A276900F36F84 /* DesignLearningApp.xcdatamodeld */; };
		B9B771572670C49A00C67852 /* QuizResultView.swift in Sources */ = {isa = PBXBuildFile; fileRef = B9B771562670C49A00C67852 /* QuizResultView.swift */; };
		B9B771592670C8AB00C67852 /* ProgressBarView.swift in Sources */ = {isa = PBXBuildFile; fileRef = B9B771582670C8AB00C67852 /* ProgressBarView.swift */; };
		B9E7B6EA266F569B003D3145 /* LearningPathList.swift in Sources */ = {isa = PBXBuildFile; fileRef = B9E7B6E9266F569B003D3145 /* LearningPathList.swift */; };
		B9E7B6EC266F689D003D3145 /* LearningPathItem.swift in Sources */ = {isa = PBXBuildFile; fileRef = B9E7B6EB266F689D003D3145 /* LearningPathItem.swift */; };
		D7B2F52F2679F662006D16B5 /* MaterialsHomeView.swift in Sources */ = {isa = PBXBuildFile; fileRef = D7B2F52E2679F662006D16B5 /* MaterialsHomeView.swift */; };
		D7D3183D2670BB460049A695 /* QuizView.swift in Sources */ = {isa = PBXBuildFile; fileRef = D7D3183C2670BB460049A695 /* QuizView.swift */; };
		D7D3183F2670C3450049A695 /* extensions.swift in Sources */ = {isa = PBXBuildFile; fileRef = D7D3183E2670C3450049A695 /* extensions.swift */; };
/* End PBXBuildFile section */

/* Begin PBXFileReference section */
		2BB7DD7D2678935D005CE163 /* CourseMenu.swift */ = {isa = PBXFileReference; fileEncoding = 4; lastKnownFileType = sourcecode.swift; path = CourseMenu.swift; sourceTree = "<group>"; };
		2BB7DD832678981A005CE163 /* LearningPathNav.swift */ = {isa = PBXFileReference; lastKnownFileType = sourcecode.swift; path = LearningPathNav.swift; sourceTree = "<group>"; };
		2BB7DD87267898EB005CE163 /* MaterialsNav.swift */ = {isa = PBXFileReference; lastKnownFileType = sourcecode.swift; path = MaterialsNav.swift; sourceTree = "<group>"; };
		2BB7DD8A267899E5005CE163 /* DesignReferencesNav.swift */ = {isa = PBXFileReference; lastKnownFileType = sourcecode.swift; path = DesignReferencesNav.swift; sourceTree = "<group>"; };
		2BB7DD8D26789A24005CE163 /* UserProfilesNav.swift */ = {isa = PBXFileReference; lastKnownFileType = sourcecode.swift; path = UserProfilesNav.swift; sourceTree = "<group>"; };
		4E98F480266F62D100130BE5 /* CourseDetail.swift */ = {isa = PBXFileReference; lastKnownFileType = sourcecode.swift; path = CourseDetail.swift; sourceTree = "<group>"; };
		B9278A8E266A276800F36F84 /* DesignLearningApp.app */ = {isa = PBXFileReference; explicitFileType = wrapper.application; includeInIndex = 0; path = DesignLearningApp.app; sourceTree = BUILT_PRODUCTS_DIR; };
		B9278A91266A276800F36F84 /* DesignLearningAppApp.swift */ = {isa = PBXFileReference; lastKnownFileType = sourcecode.swift; path = DesignLearningAppApp.swift; sourceTree = "<group>"; };
		B9278A93266A276800F36F84 /* ContentView.swift */ = {isa = PBXFileReference; lastKnownFileType = sourcecode.swift; path = ContentView.swift; sourceTree = "<group>"; };
		B9278A95266A276900F36F84 /* Assets.xcassets */ = {isa = PBXFileReference; lastKnownFileType = folder.assetcatalog; path = Assets.xcassets; sourceTree = "<group>"; };
		B9278A98266A276900F36F84 /* Preview Assets.xcassets */ = {isa = PBXFileReference; lastKnownFileType = folder.assetcatalog; path = "Preview Assets.xcassets"; sourceTree = "<group>"; };
		B9278A9A266A276900F36F84 /* Persistence.swift */ = {isa = PBXFileReference; lastKnownFileType = sourcecode.swift; path = Persistence.swift; sourceTree = "<group>"; };
		B9278A9D266A276900F36F84 /* DesignLearningApp.xcdatamodel */ = {isa = PBXFileReference; lastKnownFileType = wrapper.xcdatamodel; path = DesignLearningApp.xcdatamodel; sourceTree = "<group>"; };
		B9278A9F266A276900F36F84 /* Info.plist */ = {isa = PBXFileReference; lastKnownFileType = text.plist.xml; path = Info.plist; sourceTree = "<group>"; };
		B9B771562670C49A00C67852 /* QuizResultView.swift */ = {isa = PBXFileReference; lastKnownFileType = sourcecode.swift; path = QuizResultView.swift; sourceTree = "<group>"; };
		B9B771582670C8AB00C67852 /* ProgressBarView.swift */ = {isa = PBXFileReference; lastKnownFileType = sourcecode.swift; path = ProgressBarView.swift; sourceTree = "<group>"; };
		B9E7B6E9266F569B003D3145 /* LearningPathList.swift */ = {isa = PBXFileReference; lastKnownFileType = sourcecode.swift; path = LearningPathList.swift; sourceTree = "<group>"; };
		B9E7B6EB266F689D003D3145 /* LearningPathItem.swift */ = {isa = PBXFileReference; lastKnownFileType = sourcecode.swift; path = LearningPathItem.swift; sourceTree = "<group>"; };
		D7B2F52E2679F662006D16B5 /* MaterialsHomeView.swift */ = {isa = PBXFileReference; lastKnownFileType = sourcecode.swift; path = MaterialsHomeView.swift; sourceTree = "<group>"; };
		D7D3183C2670BB460049A695 /* QuizView.swift */ = {isa = PBXFileReference; lastKnownFileType = sourcecode.swift; path = QuizView.swift; sourceTree = "<group>"; };
		D7D3183E2670C3450049A695 /* extensions.swift */ = {isa = PBXFileReference; lastKnownFileType = sourcecode.swift; path = extensions.swift; sourceTree = "<group>"; };
/* End PBXFileReference section */

/* Begin PBXFrameworksBuildPhase section */
		B9278A8B266A276800F36F84 /* Frameworks */ = {
			isa = PBXFrameworksBuildPhase;
			buildActionMask = 2147483647;
			files = (
			);
			runOnlyForDeploymentPostprocessing = 0;
		};
/* End PBXFrameworksBuildPhase section */

/* Begin PBXGroup section */
		2BB7DD82267897E1005CE163 /* navigator */ = {
			isa = PBXGroup;
			children = (
				2BB7DD832678981A005CE163 /* LearningPathNav.swift */,
				2BB7DD87267898EB005CE163 /* MaterialsNav.swift */,
				2BB7DD8A267899E5005CE163 /* DesignReferencesNav.swift */,
				2BB7DD8D26789A24005CE163 /* UserProfilesNav.swift */,
			);
			path = navigator;
			sourceTree = "<group>";
		};
		B9278A85266A276800F36F84 = {
			isa = PBXGroup;
			children = (
				B9278A90266A276800F36F84 /* DesignLearningApp */,
				B9278A8F266A276800F36F84 /* Products */,
			);
			sourceTree = "<group>";
		};
		B9278A8F266A276800F36F84 /* Products */ = {
			isa = PBXGroup;
			children = (
				B9278A8E266A276800F36F84 /* DesignLearningApp.app */,
			);
			name = Products;
			sourceTree = "<group>";
		};
		B9278A90266A276800F36F84 /* DesignLearningApp */ = {
			isa = PBXGroup;
			children = (
				2BB7DD82267897E1005CE163 /* navigator */,
				D72D6573267338560027CAEC /* components */,
				D7432B4B266DFEDB00F84470 /* views */,
				B9278A91266A276800F36F84 /* DesignLearningAppApp.swift */,
				B9278A93266A276800F36F84 /* ContentView.swift */,
				B9E7B6E9266F569B003D3145 /* LearningPathList.swift */,
				B9E7B6EB266F689D003D3145 /* LearningPathItem.swift */,
				2BB7DD7D2678935D005CE163 /* CourseMenu.swift */,
				4E98F480266F62D100130BE5 /* CourseDetail.swift */,
				B9278A95266A276900F36F84 /* Assets.xcassets */,
				B9278A9A266A276900F36F84 /* Persistence.swift */,
				B9278A9F266A276900F36F84 /* Info.plist */,
				B9278A9C266A276900F36F84 /* DesignLearningApp.xcdatamodeld */,
				B9278A97266A276900F36F84 /* Preview Content */,
				D7D3183E2670C3450049A695 /* extensions.swift */,
			);
			path = DesignLearningApp;
			sourceTree = "<group>";
		};
		B9278A97266A276900F36F84 /* Preview Content */ = {
			isa = PBXGroup;
			children = (
				B9278A98266A276900F36F84 /* Preview Assets.xcassets */,
			);
			path = "Preview Content";
			sourceTree = "<group>";
		};
		D72D6573267338560027CAEC /* components */ = {
			isa = PBXGroup;
			children = (
				B9B771582670C8AB00C67852 /* ProgressBarView.swift */,
			);
			path = components;
			sourceTree = "<group>";
		};
		D7432B4B266DFEDB00F84470 /* views */ = {
			isa = PBXGroup;
			children = (
				B9B771562670C49A00C67852 /* QuizResultView.swift */,
				D7D3183C2670BB460049A695 /* QuizView.swift */,
				D7B2F52E2679F662006D16B5 /* MaterialsHomeView.swift */,
			);
			path = views;
			sourceTree = "<group>";
		};
/* End PBXGroup section */

/* Begin PBXNativeTarget section */
		B9278A8D266A276800F36F84 /* DesignLearningApp */ = {
			isa = PBXNativeTarget;
			buildConfigurationList = B9278AA2266A276900F36F84 /* Build configuration list for PBXNativeTarget "DesignLearningApp" */;
			buildPhases = (
				B9278A8A266A276800F36F84 /* Sources */,
				B9278A8B266A276800F36F84 /* Frameworks */,
				B9278A8C266A276800F36F84 /* Resources */,
			);
			buildRules = (
			);
			dependencies = (
			);
			name = DesignLearningApp;
			productName = DesignLearningApp;
			productReference = B9278A8E266A276800F36F84 /* DesignLearningApp.app */;
			productType = "com.apple.product-type.application";
		};
/* End PBXNativeTarget section */

/* Begin PBXProject section */
		B9278A86266A276800F36F84 /* Project object */ = {
			isa = PBXProject;
			attributes = {
				LastSwiftUpdateCheck = 1250;
				LastUpgradeCheck = 1250;
				TargetAttributes = {
					B9278A8D266A276800F36F84 = {
						CreatedOnToolsVersion = 12.5;
					};
				};
			};
			buildConfigurationList = B9278A89266A276800F36F84 /* Build configuration list for PBXProject "DesignLearningApp" */;
			compatibilityVersion = "Xcode 9.3";
			developmentRegion = en;
			hasScannedForEncodings = 0;
			knownRegions = (
				en,
				Base,
			);
			mainGroup = B9278A85266A276800F36F84;
			productRefGroup = B9278A8F266A276800F36F84 /* Products */;
			projectDirPath = "";
			projectRoot = "";
			targets = (
				B9278A8D266A276800F36F84 /* DesignLearningApp */,
			);
		};
/* End PBXProject section */

/* Begin PBXResourcesBuildPhase section */
		B9278A8C266A276800F36F84 /* Resources */ = {
			isa = PBXResourcesBuildPhase;
			buildActionMask = 2147483647;
			files = (
				B9278A99266A276900F36F84 /* Preview Assets.xcassets in Resources */,
				B9278A96266A276900F36F84 /* Assets.xcassets in Resources */,
			);
			runOnlyForDeploymentPostprocessing = 0;
		};
/* End PBXResourcesBuildPhase section */

/* Begin PBXSourcesBuildPhase section */
		B9278A8A266A276800F36F84 /* Sources */ = {
			isa = PBXSourcesBuildPhase;
			buildActionMask = 2147483647;
			files = (
				2BB7DD88267898EB005CE163 /* MaterialsNav.swift in Sources */,
				B9278A9B266A276900F36F84 /* Persistence.swift in Sources */,
				D7B2F52F2679F662006D16B5 /* MaterialsHomeView.swift in Sources */,
				B9B771592670C8AB00C67852 /* ProgressBarView.swift in Sources */,
				B9278A9E266A276900F36F84 /* DesignLearningApp.xcdatamodeld in Sources */,
				2BB7DD7E2678935D005CE163 /* CourseMenu.swift in Sources */,
				B9B771572670C49A00C67852 /* QuizResultView.swift in Sources */,
				B9278A94266A276800F36F84 /* ContentView.swift in Sources */,
				4E98F481266F62D100130BE5 /* CourseDetail.swift in Sources */,
				2BB7DD8E26789A24005CE163 /* UserProfilesNav.swift in Sources */,
				B9278A92266A276800F36F84 /* DesignLearningAppApp.swift in Sources */,
				B9E7B6EA266F569B003D3145 /* LearningPathList.swift in Sources */,
				B9E7B6EC266F689D003D3145 /* LearningPathItem.swift in Sources */,
				D7D3183D2670BB460049A695 /* QuizView.swift in Sources */,
				D7D3183F2670C3450049A695 /* extensions.swift in Sources */,
				2BB7DD8B267899E5005CE163 /* DesignReferencesNav.swift in Sources */,
				2BB7DD842678981A005CE163 /* LearningPathNav.swift in Sources */,
			);
			runOnlyForDeploymentPostprocessing = 0;
		};
/* End PBXSourcesBuildPhase section */

/* Begin XCBuildConfiguration section */
		B9278AA0266A276900F36F84 /* Debug */ = {
			isa = XCBuildConfiguration;
			buildSettings = {
				ALWAYS_SEARCH_USER_PATHS = NO;
				CLANG_ANALYZER_NONNULL = YES;
				CLANG_ANALYZER_NUMBER_OBJECT_CONVERSION = YES_AGGRESSIVE;
				CLANG_CXX_LANGUAGE_STANDARD = "gnu++14";
				CLANG_CXX_LIBRARY = "libc++";
				CLANG_ENABLE_MODULES = YES;
				CLANG_ENABLE_OBJC_ARC = YES;
				CLANG_ENABLE_OBJC_WEAK = YES;
				CLANG_WARN_BLOCK_CAPTURE_AUTORELEASING = YES;
				CLANG_WARN_BOOL_CONVERSION = YES;
				CLANG_WARN_COMMA = YES;
				CLANG_WARN_CONSTANT_CONVERSION = YES;
				CLANG_WARN_DEPRECATED_OBJC_IMPLEMENTATIONS = YES;
				CLANG_WARN_DIRECT_OBJC_ISA_USAGE = YES_ERROR;
				CLANG_WARN_DOCUMENTATION_COMMENTS = YES;
				CLANG_WARN_EMPTY_BODY = YES;
				CLANG_WARN_ENUM_CONVERSION = YES;
				CLANG_WARN_INFINITE_RECURSION = YES;
				CLANG_WARN_INT_CONVERSION = YES;
				CLANG_WARN_NON_LITERAL_NULL_CONVERSION = YES;
				CLANG_WARN_OBJC_IMPLICIT_RETAIN_SELF = YES;
				CLANG_WARN_OBJC_LITERAL_CONVERSION = YES;
				CLANG_WARN_OBJC_ROOT_CLASS = YES_ERROR;
				CLANG_WARN_QUOTED_INCLUDE_IN_FRAMEWORK_HEADER = YES;
				CLANG_WARN_RANGE_LOOP_ANALYSIS = YES;
				CLANG_WARN_STRICT_PROTOTYPES = YES;
				CLANG_WARN_SUSPICIOUS_MOVE = YES;
				CLANG_WARN_UNGUARDED_AVAILABILITY = YES_AGGRESSIVE;
				CLANG_WARN_UNREACHABLE_CODE = YES;
				CLANG_WARN__DUPLICATE_METHOD_MATCH = YES;
				COPY_PHASE_STRIP = NO;
				DEBUG_INFORMATION_FORMAT = dwarf;
				ENABLE_STRICT_OBJC_MSGSEND = YES;
				ENABLE_TESTABILITY = YES;
				GCC_C_LANGUAGE_STANDARD = gnu11;
				GCC_DYNAMIC_NO_PIC = NO;
				GCC_NO_COMMON_BLOCKS = YES;
				GCC_OPTIMIZATION_LEVEL = 0;
				GCC_PREPROCESSOR_DEFINITIONS = (
					"DEBUG=1",
					"$(inherited)",
				);
				GCC_WARN_64_TO_32_BIT_CONVERSION = YES;
				GCC_WARN_ABOUT_RETURN_TYPE = YES_ERROR;
				GCC_WARN_UNDECLARED_SELECTOR = YES;
				GCC_WARN_UNINITIALIZED_AUTOS = YES_AGGRESSIVE;
				GCC_WARN_UNUSED_FUNCTION = YES;
				GCC_WARN_UNUSED_VARIABLE = YES;
				IPHONEOS_DEPLOYMENT_TARGET = 14.5;
				MTL_ENABLE_DEBUG_INFO = INCLUDE_SOURCE;
				MTL_FAST_MATH = YES;
				ONLY_ACTIVE_ARCH = YES;
				SDKROOT = iphoneos;
				SWIFT_ACTIVE_COMPILATION_CONDITIONS = DEBUG;
				SWIFT_OPTIMIZATION_LEVEL = "-Onone";
			};
			name = Debug;
		};
		B9278AA1266A276900F36F84 /* Release */ = {
			isa = XCBuildConfiguration;
			buildSettings = {
				ALWAYS_SEARCH_USER_PATHS = NO;
				CLANG_ANALYZER_NONNULL = YES;
				CLANG_ANALYZER_NUMBER_OBJECT_CONVERSION = YES_AGGRESSIVE;
				CLANG_CXX_LANGUAGE_STANDARD = "gnu++14";
				CLANG_CXX_LIBRARY = "libc++";
				CLANG_ENABLE_MODULES = YES;
				CLANG_ENABLE_OBJC_ARC = YES;
				CLANG_ENABLE_OBJC_WEAK = YES;
				CLANG_WARN_BLOCK_CAPTURE_AUTORELEASING = YES;
				CLANG_WARN_BOOL_CONVERSION = YES;
				CLANG_WARN_COMMA = YES;
				CLANG_WARN_CONSTANT_CONVERSION = YES;
				CLANG_WARN_DEPRECATED_OBJC_IMPLEMENTATIONS = YES;
				CLANG_WARN_DIRECT_OBJC_ISA_USAGE = YES_ERROR;
				CLANG_WARN_DOCUMENTATION_COMMENTS = YES;
				CLANG_WARN_EMPTY_BODY = YES;
				CLANG_WARN_ENUM_CONVERSION = YES;
				CLANG_WARN_INFINITE_RECURSION = YES;
				CLANG_WARN_INT_CONVERSION = YES;
				CLANG_WARN_NON_LITERAL_NULL_CONVERSION = YES;
				CLANG_WARN_OBJC_IMPLICIT_RETAIN_SELF = YES;
				CLANG_WARN_OBJC_LITERAL_CONVERSION = YES;
				CLANG_WARN_OBJC_ROOT_CLASS = YES_ERROR;
				CLANG_WARN_QUOTED_INCLUDE_IN_FRAMEWORK_HEADER = YES;
				CLANG_WARN_RANGE_LOOP_ANALYSIS = YES;
				CLANG_WARN_STRICT_PROTOTYPES = YES;
				CLANG_WARN_SUSPICIOUS_MOVE = YES;
				CLANG_WARN_UNGUARDED_AVAILABILITY = YES_AGGRESSIVE;
				CLANG_WARN_UNREACHABLE_CODE = YES;
				CLANG_WARN__DUPLICATE_METHOD_MATCH = YES;
				COPY_PHASE_STRIP = NO;
				DEBUG_INFORMATION_FORMAT = "dwarf-with-dsym";
				ENABLE_NS_ASSERTIONS = NO;
				ENABLE_STRICT_OBJC_MSGSEND = YES;
				GCC_C_LANGUAGE_STANDARD = gnu11;
				GCC_NO_COMMON_BLOCKS = YES;
				GCC_WARN_64_TO_32_BIT_CONVERSION = YES;
				GCC_WARN_ABOUT_RETURN_TYPE = YES_ERROR;
				GCC_WARN_UNDECLARED_SELECTOR = YES;
				GCC_WARN_UNINITIALIZED_AUTOS = YES_AGGRESSIVE;
				GCC_WARN_UNUSED_FUNCTION = YES;
				GCC_WARN_UNUSED_VARIABLE = YES;
				IPHONEOS_DEPLOYMENT_TARGET = 14.5;
				MTL_ENABLE_DEBUG_INFO = NO;
				MTL_FAST_MATH = YES;
				SDKROOT = iphoneos;
				SWIFT_COMPILATION_MODE = wholemodule;
				SWIFT_OPTIMIZATION_LEVEL = "-O";
				VALIDATE_PRODUCT = YES;
			};
			name = Release;
		};
		B9278AA3266A276900F36F84 /* Debug */ = {
			isa = XCBuildConfiguration;
			buildSettings = {
				ASSETCATALOG_COMPILER_APPICON_NAME = AppIcon;
				ASSETCATALOG_COMPILER_GLOBAL_ACCENT_COLOR_NAME = AccentColor;
				CODE_SIGN_STYLE = Automatic;
				DEVELOPMENT_ASSET_PATHS = "\"DesignLearningApp/Preview Content\"";
				DEVELOPMENT_TEAM = SNDZ43L8ZN;
				ENABLE_PREVIEWS = YES;
				INFOPLIST_FILE = DesignLearningApp/Info.plist;
				IPHONEOS_DEPLOYMENT_TARGET = 14.0;
				LD_RUNPATH_SEARCH_PATHS = (
					"$(inherited)",
					"@executable_path/Frameworks",
				);
				PRODUCT_BUNDLE_IDENTIFIER = com.dbd.ada.DesignLearningApp;
				PRODUCT_NAME = "$(TARGET_NAME)";
				SWIFT_VERSION = 5.0;
				TARGETED_DEVICE_FAMILY = "1,2";
			};
			name = Debug;
		};
		B9278AA4266A276900F36F84 /* Release */ = {
			isa = XCBuildConfiguration;
			buildSettings = {
				ASSETCATALOG_COMPILER_APPICON_NAME = AppIcon;
				ASSETCATALOG_COMPILER_GLOBAL_ACCENT_COLOR_NAME = AccentColor;
				CODE_SIGN_STYLE = Automatic;
				DEVELOPMENT_ASSET_PATHS = "\"DesignLearningApp/Preview Content\"";
				DEVELOPMENT_TEAM = SNDZ43L8ZN;
				ENABLE_PREVIEWS = YES;
				INFOPLIST_FILE = DesignLearningApp/Info.plist;
				IPHONEOS_DEPLOYMENT_TARGET = 14.0;
				LD_RUNPATH_SEARCH_PATHS = (
					"$(inherited)",
					"@executable_path/Frameworks",
				);
				PRODUCT_BUNDLE_IDENTIFIER = com.dbd.ada.DesignLearningApp;
				PRODUCT_NAME = "$(TARGET_NAME)";
				SWIFT_VERSION = 5.0;
				TARGETED_DEVICE_FAMILY = "1,2";
			};
			name = Release;
		};
/* End XCBuildConfiguration section */

/* Begin XCConfigurationList section */
		B9278A89266A276800F36F84 /* Build configuration list for PBXProject "DesignLearningApp" */ = {
			isa = XCConfigurationList;
			buildConfigurations = (
				B9278AA0266A276900F36F84 /* Debug */,
				B9278AA1266A276900F36F84 /* Release */,
			);
			defaultConfigurationIsVisible = 0;
			defaultConfigurationName = Release;
		};
		B9278AA2266A276900F36F84 /* Build configuration list for PBXNativeTarget "DesignLearningApp" */ = {
			isa = XCConfigurationList;
			buildConfigurations = (
				B9278AA3266A276900F36F84 /* Debug */,
				B9278AA4266A276900F36F84 /* Release */,
			);
			defaultConfigurationIsVisible = 0;
			defaultConfigurationName = Release;
		};
/* End XCConfigurationList section */

/* Begin XCVersionGroup section */
		B9278A9C266A276900F36F84 /* DesignLearningApp.xcdatamodeld */ = {
			isa = XCVersionGroup;
			children = (
				B9278A9D266A276900F36F84 /* DesignLearningApp.xcdatamodel */,
			);
			currentVersion = B9278A9D266A276900F36F84 /* DesignLearningApp.xcdatamodel */;
			path = DesignLearningApp.xcdatamodeld;
			sourceTree = "<group>";
			versionGroupType = wrapper.xcdatamodel;
		};
/* End XCVersionGroup section */
	};
	rootObject = B9278A86266A276800F36F84 /* Project object */;
}
